
Microsoft Visual Studio Solution File, Format Version 12.00
# Visual Studio Version 17
VisualStudioVersion = 17.6.33723.286
MinimumVisualStudioVersion = 10.0.40219.1
Project("{8BC9CEB8-8B4A-11D0-8D11-00A0C91BC942}") = "1", "1\1.vcxproj", "{639C25A0-A73D-499E-9C6A-E0EC4614B8A0}"
EndProject
Project("{8BC9CEB8-8B4A-11D0-8D11-00A0C91BC942}") = "2", "2\2.vcxproj", "{95EF5A6E-AC9E-441B-8D86-68586DB5DDC9}"
EndProject
Project("{8BC9CEB8-8B4A-11D0-8D11-00A0C91BC942}") = "3", "3\3.vcxproj", "{4F8748FE-C05C-4155-A9A3-4FC68948EB50}"
EndProject
Project("{8BC9CEB8-8B4A-11D0-8D11-00A0C91BC942}") = "4", "4\4.vcxproj", "{7E31054D-E55F-45CC-A5AB-C251C0DB309D}"
EndProject
Project("{8BC9CEB8-8B4A-11D0-8D11-00A0C91BC942}") = "5", "5\5.vcxproj", "{02AFC39A-2FD9-4C0F-B7A4-B81B305B1130}"
EndProject
Global
	GlobalSection(SolutionConfigurationPlatforms) = preSolution
		Debug|x64 = Debug|x64
		Debug|x86 = Debug|x86
		Release|x64 = Release|x64
		Release|x86 = Release|x86
	EndGlobalSection
	GlobalSection(ProjectConfigurationPlatforms) = postSolution
		{639C25A0-A73D-499E-9C6A-E0EC4614B8A0}.Debug|x64.ActiveCfg = Debug|x64
		{639C25A0-A73D-499E-9C6A-E0EC4614B8A0}.Debug|x64.Build.0 = Debug|x64
		{639C25A0-A73D-499E-9C6A-E0EC4614B8A0}.Debug|x86.ActiveCfg = Debug|Win32
		{639C25A0-A73D-499E-9C6A-E0EC4614B8A0}.Debug|x86.Build.0 = Debug|Win32
		{639C25A0-A73D-499E-9C6A-E0EC4614B8A0}.Release|x64.ActiveCfg = Release|x64
		{639C25A0-A73D-499E-9C6A-E0EC4614B8A0}.Release|x64.Build.0 = Release|x64
		{639C25A0-A73D-499E-9C6A-E0EC4614B8A0}.Release|x86.ActiveCfg = Release|Win32
		{639C25A0-A73D-499E-9C6A-E0EC4614B8A0}.Release|x86.Build.0 = Release|Win32
		{95EF5A6E-AC9E-441B-8D86-68586DB5DDC9}.Debug|x64.ActiveCfg = Debug|x64
		{95EF5A6E-AC9E-441B-8D86-68586DB5DDC9}.Debug|x64.Build.0 = Debug|x64
		{95EF5A6E-AC9E-441B-8D86-68586DB5DDC9}.Debug|x86.ActiveCfg = Debug|Win32
		{95EF5A6E-AC9E-441B-8D86-68586DB5DDC9}.Debug|x86.Build.0 = Debug|Win32
		{95EF5A6E-AC9E-441B-8D86-68586DB5DDC9}.Release|x64.ActiveCfg = Release|x64
		{95EF5A6E-AC9E-441B-8D86-68586DB5DDC9}.Release|x64.Build.0 = Release|x64
		{95EF5A6E-AC9E-441B-8D86-68586DB5DDC9}.Release|x86.ActiveCfg = Release|Win32
		{95EF5A6E-AC9E-441B-8D86-68586DB5DDC9}.Release|x86.Build.0 = Release|Win32
		{4F8748FE-C05C-4155-A9A3-4FC68948EB50}.Debug|x64.ActiveCfg = Debug|x64
		{4F8748FE-C05C-4155-A9A3-4FC68948EB50}.Debug|x64.Build.0 = Debug|x64
		{4F8748FE-C05C-4155-A9A3-4FC68948EB50}.Debug|x86.ActiveCfg = Debug|Win32
		{4F8748FE-C05C-4155-A9A3-4FC68948EB50}.Debug|x86.Build.0 = Debug|Win32
		{4F8748FE-C05C-4155-A9A3-4FC68948EB50}.Release|x64.ActiveCfg = Release|x64
		{4F8748FE-C05C-4155-A9A3-4FC68948EB50}.Release|x64.Build.0 = Release|x64
		{4F8748FE-C05C-4155-A9A3-4FC68948EB50}.Release|x86.ActiveCfg = Release|Win32
		{4F8748FE-C05C-4155-A9A3-4FC68948EB50}.Release|x86.Build.0 = Release|Win32
		{7E31054D-E55F-45CC-A5AB-C251C0DB309D}.Debug|x64.ActiveCfg = Debug|x64
		{7E31054D-E55F-45CC-A5AB-C251C0DB309D}.Debug|x64.Build.0 = Debug|x64
		{7E31054D-E55F-45CC-A5AB-C251C0DB309D}.Debug|x86.ActiveCfg = Debug|Win32
		{7E31054D-E55F-45CC-A5AB-C251C0DB309D}.Debug|x86.Build.0 = Debug|Win32
		{7E31054D-E55F-45CC-A5AB-C251C0DB309D}.Release|x64.ActiveCfg = Release|x64
		{7E31054D-E55F-45CC-A5AB-C251C0DB309D}.Release|x64.Build.0 = Release|x64
		{7E31054D-E55F-45CC-A5AB-C251C0DB309D}.Release|x86.ActiveCfg = Release|Win32
		{7E31054D-E55F-45CC-A5AB-C251C0DB309D}.Release|x86.Build.0 = Release|Win32
		{02AFC39A-2FD9-4C0F-B7A4-B81B305B1130}.Debug|x64.ActiveCfg = Debug|x64
		{02AFC39A-2FD9-4C0F-B7A4-B81B305B1130}.Debug|x64.Build.0 = Debug|x64
		{02AFC39A-2FD9-4C0F-B7A4-B81B305B1130}.Debug|x86.ActiveCfg = Debug|Win32
		{02AFC39A-2FD9-4C0F-B7A4-B81B305B1130}.Debug|x86.Build.0 = Debug|Win32
		{02AFC39A-2FD9-4C0F-B7A4-B81B305B1130}.Release|x64.ActiveCfg = Release|x64
		{02AFC39A-2FD9-4C0F-B7A4-B81B305B1130}.Release|x64.Build.0 = Release|x64
		{02AFC39A-2FD9-4C0F-B7A4-B81B305B1130}.Release|x86.ActiveCfg = Release|Win32
		{02AFC39A-2FD9-4C0F-B7A4-B81B305B1130}.Release|x86.Build.0 = Release|Win32
	EndGlobalSection
	GlobalSection(SolutionProperties) = preSolution
		HideSolutionNode = FALSE
	EndGlobalSection
	GlobalSection(ExtensibilityGlobals) = postSolution
		SolutionGuid = {1F8F67BE-9DF3-420D-91F1-9CF3AB31C604}
	EndGlobalSection
EndGlobal
