
Microsoft Visual Studio Solution File, Format Version 12.00
# Visual Studio Version 17
VisualStudioVersion = 17.5.33502.453
MinimumVisualStudioVersion = 10.0.40219.1
Project("{8BC9CEB8-8B4A-11D0-8D11-00A0C91BC942}") = "1", "1\1.vcxproj", "{CA628C3B-E6B5-446E-94C1-6C916FFF01DB}"
EndProject
Project("{8BC9CEB8-8B4A-11D0-8D11-00A0C91BC942}") = "2", "2\2.vcxproj", "{A9E81654-122F-44EE-A765-8F857E46BF6A}"
EndProject
Project("{8BC9CEB8-8B4A-11D0-8D11-00A0C91BC942}") = "3", "3\3.vcxproj", "{90D7E3E5-BBC0-46A3-A628-552844C4E6BC}"
EndProject
Project("{8BC9CEB8-8B4A-11D0-8D11-00A0C91BC942}") = "4", "4\4.vcxproj", "{F27FDA58-8D57-441C-8A8E-4329E5E0421D}"
EndProject
Project("{8BC9CEB8-8B4A-11D0-8D11-00A0C91BC942}") = "5", "5\5.vcxproj", "{04DC19DF-A72C-4778-8A86-196811B6D698}"
EndProject
Project("{8BC9CEB8-8B4A-11D0-8D11-00A0C91BC942}") = "6", "6\6.vcxproj", "{B69F49B5-3064-448D-A4BF-2E95A08D1C45}"
EndProject
Global
	GlobalSection(SolutionConfigurationPlatforms) = preSolution
		Debug|x64 = Debug|x64
		Debug|x86 = Debug|x86
		Release|x64 = Release|x64
		Release|x86 = Release|x86
	EndGlobalSection
	GlobalSection(ProjectConfigurationPlatforms) = postSolution
		{CA628C3B-E6B5-446E-94C1-6C916FFF01DB}.Debug|x64.ActiveCfg = Debug|x64
		{CA628C3B-E6B5-446E-94C1-6C916FFF01DB}.Debug|x64.Build.0 = Debug|x64
		{CA628C3B-E6B5-446E-94C1-6C916FFF01DB}.Debug|x86.ActiveCfg = Debug|Win32
		{CA628C3B-E6B5-446E-94C1-6C916FFF01DB}.Debug|x86.Build.0 = Debug|Win32
		{CA628C3B-E6B5-446E-94C1-6C916FFF01DB}.Release|x64.ActiveCfg = Release|x64
		{CA628C3B-E6B5-446E-94C1-6C916FFF01DB}.Release|x64.Build.0 = Release|x64
		{CA628C3B-E6B5-446E-94C1-6C916FFF01DB}.Release|x86.ActiveCfg = Release|Win32
		{CA628C3B-E6B5-446E-94C1-6C916FFF01DB}.Release|x86.Build.0 = Release|Win32
		{A9E81654-122F-44EE-A765-8F857E46BF6A}.Debug|x64.ActiveCfg = Debug|x64
		{A9E81654-122F-44EE-A765-8F857E46BF6A}.Debug|x64.Build.0 = Debug|x64
		{A9E81654-122F-44EE-A765-8F857E46BF6A}.Debug|x86.ActiveCfg = Debug|Win32
		{A9E81654-122F-44EE-A765-8F857E46BF6A}.Debug|x86.Build.0 = Debug|Win32
		{A9E81654-122F-44EE-A765-8F857E46BF6A}.Release|x64.ActiveCfg = Release|x64
		{A9E81654-122F-44EE-A765-8F857E46BF6A}.Release|x64.Build.0 = Release|x64
		{A9E81654-122F-44EE-A765-8F857E46BF6A}.Release|x86.ActiveCfg = Release|Win32
		{A9E81654-122F-44EE-A765-8F857E46BF6A}.Release|x86.Build.0 = Release|Win32
		{90D7E3E5-BBC0-46A3-A628-552844C4E6BC}.Debug|x64.ActiveCfg = Debug|x64
		{90D7E3E5-BBC0-46A3-A628-552844C4E6BC}.Debug|x64.Build.0 = Debug|x64
		{90D7E3E5-BBC0-46A3-A628-552844C4E6BC}.Debug|x86.ActiveCfg = Debug|Win32
		{90D7E3E5-BBC0-46A3-A628-552844C4E6BC}.Debug|x86.Build.0 = Debug|Win32
		{90D7E3E5-BBC0-46A3-A628-552844C4E6BC}.Release|x64.ActiveCfg = Release|x64
		{90D7E3E5-BBC0-46A3-A628-552844C4E6BC}.Release|x64.Build.0 = Release|x64
		{90D7E3E5-BBC0-46A3-A628-552844C4E6BC}.Release|x86.ActiveCfg = Release|Win32
		{90D7E3E5-BBC0-46A3-A628-552844C4E6BC}.Release|x86.Build.0 = Release|Win32
		{F27FDA58-8D57-441C-8A8E-4329E5E0421D}.Debug|x64.ActiveCfg = Debug|x64
		{F27FDA58-8D57-441C-8A8E-4329E5E0421D}.Debug|x64.Build.0 = Debug|x64
		{F27FDA58-8D57-441C-8A8E-4329E5E0421D}.Debug|x86.ActiveCfg = Debug|Win32
		{F27FDA58-8D57-441C-8A8E-4329E5E0421D}.Debug|x86.Build.0 = Debug|Win32
		{F27FDA58-8D57-441C-8A8E-4329E5E0421D}.Release|x64.ActiveCfg = Release|x64
		{F27FDA58-8D57-441C-8A8E-4329E5E0421D}.Release|x64.Build.0 = Release|x64
		{F27FDA58-8D57-441C-8A8E-4329E5E0421D}.Release|x86.ActiveCfg = Release|Win32
		{F27FDA58-8D57-441C-8A8E-4329E5E0421D}.Release|x86.Build.0 = Release|Win32
		{04DC19DF-A72C-4778-8A86-196811B6D698}.Debug|x64.ActiveCfg = Debug|x64
		{04DC19DF-A72C-4778-8A86-196811B6D698}.Debug|x64.Build.0 = Debug|x64
		{04DC19DF-A72C-4778-8A86-196811B6D698}.Debug|x86.ActiveCfg = Debug|Win32
		{04DC19DF-A72C-4778-8A86-196811B6D698}.Debug|x86.Build.0 = Debug|Win32
		{04DC19DF-A72C-4778-8A86-196811B6D698}.Release|x64.ActiveCfg = Release|x64
		{04DC19DF-A72C-4778-8A86-196811B6D698}.Release|x64.Build.0 = Release|x64
		{04DC19DF-A72C-4778-8A86-196811B6D698}.Release|x86.ActiveCfg = Release|Win32
		{04DC19DF-A72C-4778-8A86-196811B6D698}.Release|x86.Build.0 = Release|Win32
		{B69F49B5-3064-448D-A4BF-2E95A08D1C45}.Debug|x64.ActiveCfg = Debug|x64
		{B69F49B5-3064-448D-A4BF-2E95A08D1C45}.Debug|x64.Build.0 = Debug|x64
		{B69F49B5-3064-448D-A4BF-2E95A08D1C45}.Debug|x86.ActiveCfg = Debug|Win32
		{B69F49B5-3064-448D-A4BF-2E95A08D1C45}.Debug|x86.Build.0 = Debug|Win32
		{B69F49B5-3064-448D-A4BF-2E95A08D1C45}.Release|x64.ActiveCfg = Release|x64
		{B69F49B5-3064-448D-A4BF-2E95A08D1C45}.Release|x64.Build.0 = Release|x64
		{B69F49B5-3064-448D-A4BF-2E95A08D1C45}.Release|x86.ActiveCfg = Release|Win32
		{B69F49B5-3064-448D-A4BF-2E95A08D1C45}.Release|x86.Build.0 = Release|Win32
	EndGlobalSection
	GlobalSection(SolutionProperties) = preSolution
		HideSolutionNode = FALSE
	EndGlobalSection
	GlobalSection(ExtensibilityGlobals) = postSolution
		SolutionGuid = {85CBB00F-4E6E-48BE-A162-4E4E99DAB2E4}
	EndGlobalSection
EndGlobal
