
Microsoft Visual Studio Solution File, Format Version 12.00
# Visual Studio Version 17
VisualStudioVersion = 17.6.33723.286
MinimumVisualStudioVersion = 10.0.40219.1
Project("{8BC9CEB8-8B4A-11D0-8D11-00A0C91BC942}") = "LAB13_1F", "LAB13_1F\LAB13_1F.vcxproj", "{94A4C61C-0AAB-4C6F-ABC7-45EFB6B749F9}"
EndProject
Project("{8BC9CEB8-8B4A-11D0-8D11-00A0C91BC942}") = "LAB13_1F_2", "LAB13_1F_2\LAB13_1F_2.vcxproj", "{4F38F415-3172-4F70-A819-315E3EC68A81}"
EndProject
Project("{8BC9CEB8-8B4A-11D0-8D11-00A0C91BC942}") = "LAB13_2F", "LAB13_2F\LAB13_2F.vcxproj", "{887E902C-4FE6-4D6B-A0F8-7F30ADA517B1}"
EndProject
Project("{8BC9CEB8-8B4A-11D0-8D11-00A0C91BC942}") = "LAB13_5F", "LAB13_5F\LAB13_5F.vcxproj", "{7D3831A9-D580-4E67-ABAF-632FEC8AFDBC}"
EndProject
Global
	GlobalSection(SolutionConfigurationPlatforms) = preSolution
		Debug|x64 = Debug|x64
		Debug|x86 = Debug|x86
		Release|x64 = Release|x64
		Release|x86 = Release|x86
	EndGlobalSection
	GlobalSection(ProjectConfigurationPlatforms) = postSolution
		{94A4C61C-0AAB-4C6F-ABC7-45EFB6B749F9}.Debug|x64.ActiveCfg = Debug|x64
		{94A4C61C-0AAB-4C6F-ABC7-45EFB6B749F9}.Debug|x64.Build.0 = Debug|x64
		{94A4C61C-0AAB-4C6F-ABC7-45EFB6B749F9}.Debug|x86.ActiveCfg = Debug|Win32
		{94A4C61C-0AAB-4C6F-ABC7-45EFB6B749F9}.Debug|x86.Build.0 = Debug|Win32
		{94A4C61C-0AAB-4C6F-ABC7-45EFB6B749F9}.Release|x64.ActiveCfg = Release|x64
		{94A4C61C-0AAB-4C6F-ABC7-45EFB6B749F9}.Release|x64.Build.0 = Release|x64
		{94A4C61C-0AAB-4C6F-ABC7-45EFB6B749F9}.Release|x86.ActiveCfg = Release|Win32
		{94A4C61C-0AAB-4C6F-ABC7-45EFB6B749F9}.Release|x86.Build.0 = Release|Win32
		{4F38F415-3172-4F70-A819-315E3EC68A81}.Debug|x64.ActiveCfg = Debug|x64
		{4F38F415-3172-4F70-A819-315E3EC68A81}.Debug|x64.Build.0 = Debug|x64
		{4F38F415-3172-4F70-A819-315E3EC68A81}.Debug|x86.ActiveCfg = Debug|Win32
		{4F38F415-3172-4F70-A819-315E3EC68A81}.Debug|x86.Build.0 = Debug|Win32
		{4F38F415-3172-4F70-A819-315E3EC68A81}.Release|x64.ActiveCfg = Release|x64
		{4F38F415-3172-4F70-A819-315E3EC68A81}.Release|x64.Build.0 = Release|x64
		{4F38F415-3172-4F70-A819-315E3EC68A81}.Release|x86.ActiveCfg = Release|Win32
		{4F38F415-3172-4F70-A819-315E3EC68A81}.Release|x86.Build.0 = Release|Win32
		{887E902C-4FE6-4D6B-A0F8-7F30ADA517B1}.Debug|x64.ActiveCfg = Debug|x64
		{887E902C-4FE6-4D6B-A0F8-7F30ADA517B1}.Debug|x64.Build.0 = Debug|x64
		{887E902C-4FE6-4D6B-A0F8-7F30ADA517B1}.Debug|x86.ActiveCfg = Debug|Win32
		{887E902C-4FE6-4D6B-A0F8-7F30ADA517B1}.Debug|x86.Build.0 = Debug|Win32
		{887E902C-4FE6-4D6B-A0F8-7F30ADA517B1}.Release|x64.ActiveCfg = Release|x64
		{887E902C-4FE6-4D6B-A0F8-7F30ADA517B1}.Release|x64.Build.0 = Release|x64
		{887E902C-4FE6-4D6B-A0F8-7F30ADA517B1}.Release|x86.ActiveCfg = Release|Win32
		{887E902C-4FE6-4D6B-A0F8-7F30ADA517B1}.Release|x86.Build.0 = Release|Win32
		{7D3831A9-D580-4E67-ABAF-632FEC8AFDBC}.Debug|x64.ActiveCfg = Debug|x64
		{7D3831A9-D580-4E67-ABAF-632FEC8AFDBC}.Debug|x64.Build.0 = Debug|x64
		{7D3831A9-D580-4E67-ABAF-632FEC8AFDBC}.Debug|x86.ActiveCfg = Debug|Win32
		{7D3831A9-D580-4E67-ABAF-632FEC8AFDBC}.Debug|x86.Build.0 = Debug|Win32
		{7D3831A9-D580-4E67-ABAF-632FEC8AFDBC}.Release|x64.ActiveCfg = Release|x64
		{7D3831A9-D580-4E67-ABAF-632FEC8AFDBC}.Release|x64.Build.0 = Release|x64
		{7D3831A9-D580-4E67-ABAF-632FEC8AFDBC}.Release|x86.ActiveCfg = Release|Win32
		{7D3831A9-D580-4E67-ABAF-632FEC8AFDBC}.Release|x86.Build.0 = Release|Win32
	EndGlobalSection
	GlobalSection(SolutionProperties) = preSolution
		HideSolutionNode = FALSE
	EndGlobalSection
	GlobalSection(ExtensibilityGlobals) = postSolution
		SolutionGuid = {3F83F5D3-4DC0-4B55-8994-4875AA7B3255}
	EndGlobalSection
EndGlobal
