
Microsoft Visual Studio Solution File, Format Version 12.00
# Visual Studio Version 17
VisualStudioVersion = 17.5.33502.453
MinimumVisualStudioVersion = 10.0.40219.1
Project("{8BC9CEB8-8B4A-11D0-8D11-00A0C91BC942}") = "HW12_1", "HW12_1\HW12_1.vcxproj", "{8A5685AB-709E-4080-9ABF-FB2EAAEA1D4B}"
EndProject
Project("{8BC9CEB8-8B4A-11D0-8D11-00A0C91BC942}") = "HW12_2", "HW12_2\HW12_2.vcxproj", "{0BEBAC8A-5110-4335-BBCE-3B4E0495D25E}"
EndProject
Project("{8BC9CEB8-8B4A-11D0-8D11-00A0C91BC942}") = "HW12_3", "HW12_3\HW12_3.vcxproj", "{8793E2C8-05D5-4A31-805C-42C714B421BE}"
EndProject
Global
	GlobalSection(SolutionConfigurationPlatforms) = preSolution
		Debug|x64 = Debug|x64
		Debug|x86 = Debug|x86
		Release|x64 = Release|x64
		Release|x86 = Release|x86
	EndGlobalSection
	GlobalSection(ProjectConfigurationPlatforms) = postSolution
		{8A5685AB-709E-4080-9ABF-FB2EAAEA1D4B}.Debug|x64.ActiveCfg = Debug|x64
		{8A5685AB-709E-4080-9ABF-FB2EAAEA1D4B}.Debug|x64.Build.0 = Debug|x64
		{8A5685AB-709E-4080-9ABF-FB2EAAEA1D4B}.Debug|x86.ActiveCfg = Debug|Win32
		{8A5685AB-709E-4080-9ABF-FB2EAAEA1D4B}.Debug|x86.Build.0 = Debug|Win32
		{8A5685AB-709E-4080-9ABF-FB2EAAEA1D4B}.Release|x64.ActiveCfg = Release|x64
		{8A5685AB-709E-4080-9ABF-FB2EAAEA1D4B}.Release|x64.Build.0 = Release|x64
		{8A5685AB-709E-4080-9ABF-FB2EAAEA1D4B}.Release|x86.ActiveCfg = Release|Win32
		{8A5685AB-709E-4080-9ABF-FB2EAAEA1D4B}.Release|x86.Build.0 = Release|Win32
		{0BEBAC8A-5110-4335-BBCE-3B4E0495D25E}.Debug|x64.ActiveCfg = Debug|x64
		{0BEBAC8A-5110-4335-BBCE-3B4E0495D25E}.Debug|x64.Build.0 = Debug|x64
		{0BEBAC8A-5110-4335-BBCE-3B4E0495D25E}.Debug|x86.ActiveCfg = Debug|Win32
		{0BEBAC8A-5110-4335-BBCE-3B4E0495D25E}.Debug|x86.Build.0 = Debug|Win32
		{0BEBAC8A-5110-4335-BBCE-3B4E0495D25E}.Release|x64.ActiveCfg = Release|x64
		{0BEBAC8A-5110-4335-BBCE-3B4E0495D25E}.Release|x64.Build.0 = Release|x64
		{0BEBAC8A-5110-4335-BBCE-3B4E0495D25E}.Release|x86.ActiveCfg = Release|Win32
		{0BEBAC8A-5110-4335-BBCE-3B4E0495D25E}.Release|x86.Build.0 = Release|Win32
		{8793E2C8-05D5-4A31-805C-42C714B421BE}.Debug|x64.ActiveCfg = Debug|x64
		{8793E2C8-05D5-4A31-805C-42C714B421BE}.Debug|x64.Build.0 = Debug|x64
		{8793E2C8-05D5-4A31-805C-42C714B421BE}.Debug|x86.ActiveCfg = Debug|Win32
		{8793E2C8-05D5-4A31-805C-42C714B421BE}.Debug|x86.Build.0 = Debug|Win32
		{8793E2C8-05D5-4A31-805C-42C714B421BE}.Release|x64.ActiveCfg = Release|x64
		{8793E2C8-05D5-4A31-805C-42C714B421BE}.Release|x64.Build.0 = Release|x64
		{8793E2C8-05D5-4A31-805C-42C714B421BE}.Release|x86.ActiveCfg = Release|Win32
		{8793E2C8-05D5-4A31-805C-42C714B421BE}.Release|x86.Build.0 = Release|Win32
	EndGlobalSection
	GlobalSection(SolutionProperties) = preSolution
		HideSolutionNode = FALSE
	EndGlobalSection
	GlobalSection(ExtensibilityGlobals) = postSolution
		SolutionGuid = {A84957A8-1805-4822-A7B4-33B7A4FA6D97}
	EndGlobalSection
EndGlobal
