
Microsoft Visual Studio Solution File, Format Version 12.00
# Visual Studio Version 17
VisualStudioVersion = 17.5.33502.453
MinimumVisualStudioVersion = 10.0.40219.1
Project("{8BC9CEB8-8B4A-11D0-8D11-00A0C91BC942}") = "LAB10_A", "LAB10_A\LAB10_A.vcxproj", "{8D7B13AB-2C46-4FCF-ADF2-41862C128442}"
EndProject
Project("{8BC9CEB8-8B4A-11D0-8D11-00A0C91BC942}") = "LAB10_1_1", "LAB10_1_1\LAB10_1_1.vcxproj", "{77A218EC-63EF-4E0B-BACC-4E674ECB44B5}"
EndProject
Project("{8BC9CEB8-8B4A-11D0-8D11-00A0C91BC942}") = "LAB10_1_2", "LAB10_1_2\LAB10_1_2.vcxproj", "{30E8D53E-815C-45D4-8FDE-CD5DDB17790D}"
EndProject
Project("{8BC9CEB8-8B4A-11D0-8D11-00A0C91BC942}") = "LAB10_2", "LAB10_2\LAB10_2.vcxproj", "{B320B2A7-8307-4A8B-9764-A2F93F0BC81C}"
EndProject
Project("{8BC9CEB8-8B4A-11D0-8D11-00A0C91BC942}") = "LAB10_3", "LAB10_3\LAB10_3.vcxproj", "{1218CD01-D703-4809-A33A-1D573C4ACFC8}"
EndProject
Project("{8BC9CEB8-8B4A-11D0-8D11-00A0C91BC942}") = "LAB10_4", "LAB10_4\LAB10_4.vcxproj", "{F4BFF202-16E6-4FD1-8983-262E61BCFB6F}"
EndProject
Project("{8BC9CEB8-8B4A-11D0-8D11-00A0C91BC942}") = "LAB10_5_0", "LAB10_5_0\LAB10_5_0.vcxproj", "{04CB30F6-AD67-42C8-A5D8-237FDF2F00AA}"
EndProject
Project("{8BC9CEB8-8B4A-11D0-8D11-00A0C91BC942}") = "LAB10_5_1", "LAB10_5_1\LAB10_5_1.vcxproj", "{481C68CA-1D89-4CF2-90F9-65325CC940F6}"
EndProject
Global
	GlobalSection(SolutionConfigurationPlatforms) = preSolution
		Debug|x64 = Debug|x64
		Debug|x86 = Debug|x86
		Release|x64 = Release|x64
		Release|x86 = Release|x86
	EndGlobalSection
	GlobalSection(ProjectConfigurationPlatforms) = postSolution
		{8D7B13AB-2C46-4FCF-ADF2-41862C128442}.Debug|x64.ActiveCfg = Debug|x64
		{8D7B13AB-2C46-4FCF-ADF2-41862C128442}.Debug|x64.Build.0 = Debug|x64
		{8D7B13AB-2C46-4FCF-ADF2-41862C128442}.Debug|x86.ActiveCfg = Debug|Win32
		{8D7B13AB-2C46-4FCF-ADF2-41862C128442}.Debug|x86.Build.0 = Debug|Win32
		{8D7B13AB-2C46-4FCF-ADF2-41862C128442}.Release|x64.ActiveCfg = Release|x64
		{8D7B13AB-2C46-4FCF-ADF2-41862C128442}.Release|x64.Build.0 = Release|x64
		{8D7B13AB-2C46-4FCF-ADF2-41862C128442}.Release|x86.ActiveCfg = Release|Win32
		{8D7B13AB-2C46-4FCF-ADF2-41862C128442}.Release|x86.Build.0 = Release|Win32
		{77A218EC-63EF-4E0B-BACC-4E674ECB44B5}.Debug|x64.ActiveCfg = Debug|x64
		{77A218EC-63EF-4E0B-BACC-4E674ECB44B5}.Debug|x64.Build.0 = Debug|x64
		{77A218EC-63EF-4E0B-BACC-4E674ECB44B5}.Debug|x86.ActiveCfg = Debug|Win32
		{77A218EC-63EF-4E0B-BACC-4E674ECB44B5}.Debug|x86.Build.0 = Debug|Win32
		{77A218EC-63EF-4E0B-BACC-4E674ECB44B5}.Release|x64.ActiveCfg = Release|x64
		{77A218EC-63EF-4E0B-BACC-4E674ECB44B5}.Release|x64.Build.0 = Release|x64
		{77A218EC-63EF-4E0B-BACC-4E674ECB44B5}.Release|x86.ActiveCfg = Release|Win32
		{77A218EC-63EF-4E0B-BACC-4E674ECB44B5}.Release|x86.Build.0 = Release|Win32
		{30E8D53E-815C-45D4-8FDE-CD5DDB17790D}.Debug|x64.ActiveCfg = Debug|x64
		{30E8D53E-815C-45D4-8FDE-CD5DDB17790D}.Debug|x64.Build.0 = Debug|x64
		{30E8D53E-815C-45D4-8FDE-CD5DDB17790D}.Debug|x86.ActiveCfg = Debug|Win32
		{30E8D53E-815C-45D4-8FDE-CD5DDB17790D}.Debug|x86.Build.0 = Debug|Win32
		{30E8D53E-815C-45D4-8FDE-CD5DDB17790D}.Release|x64.ActiveCfg = Release|x64
		{30E8D53E-815C-45D4-8FDE-CD5DDB17790D}.Release|x64.Build.0 = Release|x64
		{30E8D53E-815C-45D4-8FDE-CD5DDB17790D}.Release|x86.ActiveCfg = Release|Win32
		{30E8D53E-815C-45D4-8FDE-CD5DDB17790D}.Release|x86.Build.0 = Release|Win32
		{B320B2A7-8307-4A8B-9764-A2F93F0BC81C}.Debug|x64.ActiveCfg = Debug|x64
		{B320B2A7-8307-4A8B-9764-A2F93F0BC81C}.Debug|x64.Build.0 = Debug|x64
		{B320B2A7-8307-4A8B-9764-A2F93F0BC81C}.Debug|x86.ActiveCfg = Debug|Win32
		{B320B2A7-8307-4A8B-9764-A2F93F0BC81C}.Debug|x86.Build.0 = Debug|Win32
		{B320B2A7-8307-4A8B-9764-A2F93F0BC81C}.Release|x64.ActiveCfg = Release|x64
		{B320B2A7-8307-4A8B-9764-A2F93F0BC81C}.Release|x64.Build.0 = Release|x64
		{B320B2A7-8307-4A8B-9764-A2F93F0BC81C}.Release|x86.ActiveCfg = Release|Win32
		{B320B2A7-8307-4A8B-9764-A2F93F0BC81C}.Release|x86.Build.0 = Release|Win32
		{1218CD01-D703-4809-A33A-1D573C4ACFC8}.Debug|x64.ActiveCfg = Debug|x64
		{1218CD01-D703-4809-A33A-1D573C4ACFC8}.Debug|x64.Build.0 = Debug|x64
		{1218CD01-D703-4809-A33A-1D573C4ACFC8}.Debug|x86.ActiveCfg = Debug|Win32
		{1218CD01-D703-4809-A33A-1D573C4ACFC8}.Debug|x86.Build.0 = Debug|Win32
		{1218CD01-D703-4809-A33A-1D573C4ACFC8}.Release|x64.ActiveCfg = Release|x64
		{1218CD01-D703-4809-A33A-1D573C4ACFC8}.Release|x64.Build.0 = Release|x64
		{1218CD01-D703-4809-A33A-1D573C4ACFC8}.Release|x86.ActiveCfg = Release|Win32
		{1218CD01-D703-4809-A33A-1D573C4ACFC8}.Release|x86.Build.0 = Release|Win32
		{F4BFF202-16E6-4FD1-8983-262E61BCFB6F}.Debug|x64.ActiveCfg = Debug|x64
		{F4BFF202-16E6-4FD1-8983-262E61BCFB6F}.Debug|x64.Build.0 = Debug|x64
		{F4BFF202-16E6-4FD1-8983-262E61BCFB6F}.Debug|x86.ActiveCfg = Debug|Win32
		{F4BFF202-16E6-4FD1-8983-262E61BCFB6F}.Debug|x86.Build.0 = Debug|Win32
		{F4BFF202-16E6-4FD1-8983-262E61BCFB6F}.Release|x64.ActiveCfg = Release|x64
		{F4BFF202-16E6-4FD1-8983-262E61BCFB6F}.Release|x64.Build.0 = Release|x64
		{F4BFF202-16E6-4FD1-8983-262E61BCFB6F}.Release|x86.ActiveCfg = Release|Win32
		{F4BFF202-16E6-4FD1-8983-262E61BCFB6F}.Release|x86.Build.0 = Release|Win32
		{04CB30F6-AD67-42C8-A5D8-237FDF2F00AA}.Debug|x64.ActiveCfg = Debug|x64
		{04CB30F6-AD67-42C8-A5D8-237FDF2F00AA}.Debug|x64.Build.0 = Debug|x64
		{04CB30F6-AD67-42C8-A5D8-237FDF2F00AA}.Debug|x86.ActiveCfg = Debug|Win32
		{04CB30F6-AD67-42C8-A5D8-237FDF2F00AA}.Debug|x86.Build.0 = Debug|Win32
		{04CB30F6-AD67-42C8-A5D8-237FDF2F00AA}.Release|x64.ActiveCfg = Release|x64
		{04CB30F6-AD67-42C8-A5D8-237FDF2F00AA}.Release|x64.Build.0 = Release|x64
		{04CB30F6-AD67-42C8-A5D8-237FDF2F00AA}.Release|x86.ActiveCfg = Release|Win32
		{04CB30F6-AD67-42C8-A5D8-237FDF2F00AA}.Release|x86.Build.0 = Release|Win32
		{481C68CA-1D89-4CF2-90F9-65325CC940F6}.Debug|x64.ActiveCfg = Debug|x64
		{481C68CA-1D89-4CF2-90F9-65325CC940F6}.Debug|x64.Build.0 = Debug|x64
		{481C68CA-1D89-4CF2-90F9-65325CC940F6}.Debug|x86.ActiveCfg = Debug|Win32
		{481C68CA-1D89-4CF2-90F9-65325CC940F6}.Debug|x86.Build.0 = Debug|Win32
		{481C68CA-1D89-4CF2-90F9-65325CC940F6}.Release|x64.ActiveCfg = Release|x64
		{481C68CA-1D89-4CF2-90F9-65325CC940F6}.Release|x64.Build.0 = Release|x64
		{481C68CA-1D89-4CF2-90F9-65325CC940F6}.Release|x86.ActiveCfg = Release|Win32
		{481C68CA-1D89-4CF2-90F9-65325CC940F6}.Release|x86.Build.0 = Release|Win32
	EndGlobalSection
	GlobalSection(SolutionProperties) = preSolution
		HideSolutionNode = FALSE
	EndGlobalSection
	GlobalSection(ExtensibilityGlobals) = postSolution
		SolutionGuid = {96D5859A-C536-4F81-B902-13A48CE17D67}
	EndGlobalSection
EndGlobal
