
Microsoft Visual Studio Solution File, Format Version 12.00
# Visual Studio Version 17
VisualStudioVersion = 17.5.33502.453
MinimumVisualStudioVersion = 10.0.40219.1
Project("{8BC9CEB8-8B4A-11D0-8D11-00A0C91BC942}") = "HW7_1", "HW7_1\HW7_1.vcxproj", "{BD5F05DE-14AD-4A60-A4A1-AFA9D8F50C82}"
EndProject
Project("{8BC9CEB8-8B4A-11D0-8D11-00A0C91BC942}") = "HW7_2", "HW7_2\HW7_2.vcxproj", "{F0B5CCA5-6185-4F64-8EAE-39F817E304C6}"
EndProject
Project("{8BC9CEB8-8B4A-11D0-8D11-00A0C91BC942}") = "HW6_1", "HW6_1\HW6_1.vcxproj", "{242A7C71-D7C2-4AA0-833B-1141B6A77876}"
EndProject
Project("{8BC9CEB8-8B4A-11D0-8D11-00A0C91BC942}") = "HW7_3", "HW7_3\HW7_3.vcxproj", "{E95ADE47-7B5B-46D7-8C45-53D57AAACDE4}"
EndProject
Project("{8BC9CEB8-8B4A-11D0-8D11-00A0C91BC942}") = "HW7_4", "HW7_4\HW7_4.vcxproj", "{EEA244AD-3AE3-4F54-A217-7D8649DC767A}"
EndProject
Project("{8BC9CEB8-8B4A-11D0-8D11-00A0C91BC942}") = "HW7_5", "HW7_5\HW7_5.vcxproj", "{D0745BCB-6DF2-4381-B245-0C1F0212B3C6}"
EndProject
Project("{8BC9CEB8-8B4A-11D0-8D11-00A0C91BC942}") = "HW7_7", "HW7_7\HW7_7.vcxproj", "{8971F3ED-C01F-4F61-AFF4-4E87B739D0B7}"
EndProject
Global
	GlobalSection(SolutionConfigurationPlatforms) = preSolution
		Debug|x64 = Debug|x64
		Debug|x86 = Debug|x86
		Release|x64 = Release|x64
		Release|x86 = Release|x86
	EndGlobalSection
	GlobalSection(ProjectConfigurationPlatforms) = postSolution
		{BD5F05DE-14AD-4A60-A4A1-AFA9D8F50C82}.Debug|x64.ActiveCfg = Debug|x64
		{BD5F05DE-14AD-4A60-A4A1-AFA9D8F50C82}.Debug|x64.Build.0 = Debug|x64
		{BD5F05DE-14AD-4A60-A4A1-AFA9D8F50C82}.Debug|x86.ActiveCfg = Debug|Win32
		{BD5F05DE-14AD-4A60-A4A1-AFA9D8F50C82}.Debug|x86.Build.0 = Debug|Win32
		{BD5F05DE-14AD-4A60-A4A1-AFA9D8F50C82}.Release|x64.ActiveCfg = Release|x64
		{BD5F05DE-14AD-4A60-A4A1-AFA9D8F50C82}.Release|x64.Build.0 = Release|x64
		{BD5F05DE-14AD-4A60-A4A1-AFA9D8F50C82}.Release|x86.ActiveCfg = Release|Win32
		{BD5F05DE-14AD-4A60-A4A1-AFA9D8F50C82}.Release|x86.Build.0 = Release|Win32
		{F0B5CCA5-6185-4F64-8EAE-39F817E304C6}.Debug|x64.ActiveCfg = Debug|x64
		{F0B5CCA5-6185-4F64-8EAE-39F817E304C6}.Debug|x64.Build.0 = Debug|x64
		{F0B5CCA5-6185-4F64-8EAE-39F817E304C6}.Debug|x86.ActiveCfg = Debug|Win32
		{F0B5CCA5-6185-4F64-8EAE-39F817E304C6}.Debug|x86.Build.0 = Debug|Win32
		{F0B5CCA5-6185-4F64-8EAE-39F817E304C6}.Release|x64.ActiveCfg = Release|x64
		{F0B5CCA5-6185-4F64-8EAE-39F817E304C6}.Release|x64.Build.0 = Release|x64
		{F0B5CCA5-6185-4F64-8EAE-39F817E304C6}.Release|x86.ActiveCfg = Release|Win32
		{F0B5CCA5-6185-4F64-8EAE-39F817E304C6}.Release|x86.Build.0 = Release|Win32
		{242A7C71-D7C2-4AA0-833B-1141B6A77876}.Debug|x64.ActiveCfg = Debug|x64
		{242A7C71-D7C2-4AA0-833B-1141B6A77876}.Debug|x64.Build.0 = Debug|x64
		{242A7C71-D7C2-4AA0-833B-1141B6A77876}.Debug|x86.ActiveCfg = Debug|Win32
		{242A7C71-D7C2-4AA0-833B-1141B6A77876}.Debug|x86.Build.0 = Debug|Win32
		{242A7C71-D7C2-4AA0-833B-1141B6A77876}.Release|x64.ActiveCfg = Release|x64
		{242A7C71-D7C2-4AA0-833B-1141B6A77876}.Release|x64.Build.0 = Release|x64
		{242A7C71-D7C2-4AA0-833B-1141B6A77876}.Release|x86.ActiveCfg = Release|Win32
		{242A7C71-D7C2-4AA0-833B-1141B6A77876}.Release|x86.Build.0 = Release|Win32
		{E95ADE47-7B5B-46D7-8C45-53D57AAACDE4}.Debug|x64.ActiveCfg = Debug|x64
		{E95ADE47-7B5B-46D7-8C45-53D57AAACDE4}.Debug|x64.Build.0 = Debug|x64
		{E95ADE47-7B5B-46D7-8C45-53D57AAACDE4}.Debug|x86.ActiveCfg = Debug|Win32
		{E95ADE47-7B5B-46D7-8C45-53D57AAACDE4}.Debug|x86.Build.0 = Debug|Win32
		{E95ADE47-7B5B-46D7-8C45-53D57AAACDE4}.Release|x64.ActiveCfg = Release|x64
		{E95ADE47-7B5B-46D7-8C45-53D57AAACDE4}.Release|x64.Build.0 = Release|x64
		{E95ADE47-7B5B-46D7-8C45-53D57AAACDE4}.Release|x86.ActiveCfg = Release|Win32
		{E95ADE47-7B5B-46D7-8C45-53D57AAACDE4}.Release|x86.Build.0 = Release|Win32
		{EEA244AD-3AE3-4F54-A217-7D8649DC767A}.Debug|x64.ActiveCfg = Debug|x64
		{EEA244AD-3AE3-4F54-A217-7D8649DC767A}.Debug|x64.Build.0 = Debug|x64
		{EEA244AD-3AE3-4F54-A217-7D8649DC767A}.Debug|x86.ActiveCfg = Debug|Win32
		{EEA244AD-3AE3-4F54-A217-7D8649DC767A}.Debug|x86.Build.0 = Debug|Win32
		{EEA244AD-3AE3-4F54-A217-7D8649DC767A}.Release|x64.ActiveCfg = Release|x64
		{EEA244AD-3AE3-4F54-A217-7D8649DC767A}.Release|x64.Build.0 = Release|x64
		{EEA244AD-3AE3-4F54-A217-7D8649DC767A}.Release|x86.ActiveCfg = Release|Win32
		{EEA244AD-3AE3-4F54-A217-7D8649DC767A}.Release|x86.Build.0 = Release|Win32
		{D0745BCB-6DF2-4381-B245-0C1F0212B3C6}.Debug|x64.ActiveCfg = Debug|x64
		{D0745BCB-6DF2-4381-B245-0C1F0212B3C6}.Debug|x64.Build.0 = Debug|x64
		{D0745BCB-6DF2-4381-B245-0C1F0212B3C6}.Debug|x86.ActiveCfg = Debug|Win32
		{D0745BCB-6DF2-4381-B245-0C1F0212B3C6}.Debug|x86.Build.0 = Debug|Win32
		{D0745BCB-6DF2-4381-B245-0C1F0212B3C6}.Release|x64.ActiveCfg = Release|x64
		{D0745BCB-6DF2-4381-B245-0C1F0212B3C6}.Release|x64.Build.0 = Release|x64
		{D0745BCB-6DF2-4381-B245-0C1F0212B3C6}.Release|x86.ActiveCfg = Release|Win32
		{D0745BCB-6DF2-4381-B245-0C1F0212B3C6}.Release|x86.Build.0 = Release|Win32
		{8971F3ED-C01F-4F61-AFF4-4E87B739D0B7}.Debug|x64.ActiveCfg = Debug|x64
		{8971F3ED-C01F-4F61-AFF4-4E87B739D0B7}.Debug|x64.Build.0 = Debug|x64
		{8971F3ED-C01F-4F61-AFF4-4E87B739D0B7}.Debug|x86.ActiveCfg = Debug|Win32
		{8971F3ED-C01F-4F61-AFF4-4E87B739D0B7}.Debug|x86.Build.0 = Debug|Win32
		{8971F3ED-C01F-4F61-AFF4-4E87B739D0B7}.Release|x64.ActiveCfg = Release|x64
		{8971F3ED-C01F-4F61-AFF4-4E87B739D0B7}.Release|x64.Build.0 = Release|x64
		{8971F3ED-C01F-4F61-AFF4-4E87B739D0B7}.Release|x86.ActiveCfg = Release|Win32
		{8971F3ED-C01F-4F61-AFF4-4E87B739D0B7}.Release|x86.Build.0 = Release|Win32
	EndGlobalSection
	GlobalSection(SolutionProperties) = preSolution
		HideSolutionNode = FALSE
	EndGlobalSection
	GlobalSection(ExtensibilityGlobals) = postSolution
		SolutionGuid = {2B026AA5-383C-4080-8F48-A15B1C5ABF73}
	EndGlobalSection
EndGlobal
