
Microsoft Visual Studio Solution File, Format Version 12.00
# Visual Studio Version 17
VisualStudioVersion = 17.5.33414.496
MinimumVisualStudioVersion = 10.0.40219.1
Project("{8BC9CEB8-8B4A-11D0-8D11-00A0C91BC942}") = "HW8_1", "HW8_1\HW8_1.vcxproj", "{001C3D41-0A12-40B1-A0F5-504B11B9C147}"
EndProject
Project("{8BC9CEB8-8B4A-11D0-8D11-00A0C91BC942}") = "HW8_2", "HW8_2\HW8_2.vcxproj", "{229B039B-73B5-4C7C-AACD-DD331B8C9CA1}"
EndProject
Project("{8BC9CEB8-8B4A-11D0-8D11-00A0C91BC942}") = "HW8_8", "HW8_8\HW8_8.vcxproj", "{C7A0E702-68FA-4736-B24A-0D5E9DAD7ACD}"
EndProject
Project("{8BC9CEB8-8B4A-11D0-8D11-00A0C91BC942}") = "HW8_3", "HW8_3\HW8_3.vcxproj", "{7B2EA8F4-F465-419A-B449-9036C24F729F}"
EndProject
Project("{8BC9CEB8-8B4A-11D0-8D11-00A0C91BC942}") = "HW8_4_1", "HW8_4\HW8_4.vcxproj", "{C6C86151-79F9-458F-A2C6-41A92C8BB2BC}"
EndProject
Project("{8BC9CEB8-8B4A-11D0-8D11-00A0C91BC942}") = "HW8_4_2", "HW8_4_2\HW8_4_2.vcxproj", "{69AF7976-AB61-4965-B504-ED45F4CBD42A}"
EndProject
Project("{8BC9CEB8-8B4A-11D0-8D11-00A0C91BC942}") = "HW8_5", "HW8_5\HW8_5.vcxproj", "{13BB689B-3ABD-4604-8576-4E83A9C2BC2A}"
EndProject
Project("{8BC9CEB8-8B4A-11D0-8D11-00A0C91BC942}") = "HW8_6", "HW8_6\HW8_6.vcxproj", "{28A63A30-2727-4EE8-A294-9F60C64A78E1}"
EndProject
Project("{8BC9CEB8-8B4A-11D0-8D11-00A0C91BC942}") = "HW8_7", "HW8_7\HW8_7.vcxproj", "{F1E0552A-99C7-4851-874C-387ED7197B8C}"
EndProject
Global
	GlobalSection(SolutionConfigurationPlatforms) = preSolution
		Debug|x64 = Debug|x64
		Debug|x86 = Debug|x86
		Release|x64 = Release|x64
		Release|x86 = Release|x86
	EndGlobalSection
	GlobalSection(ProjectConfigurationPlatforms) = postSolution
		{001C3D41-0A12-40B1-A0F5-504B11B9C147}.Debug|x64.ActiveCfg = Debug|x64
		{001C3D41-0A12-40B1-A0F5-504B11B9C147}.Debug|x64.Build.0 = Debug|x64
		{001C3D41-0A12-40B1-A0F5-504B11B9C147}.Debug|x86.ActiveCfg = Debug|Win32
		{001C3D41-0A12-40B1-A0F5-504B11B9C147}.Debug|x86.Build.0 = Debug|Win32
		{001C3D41-0A12-40B1-A0F5-504B11B9C147}.Release|x64.ActiveCfg = Release|x64
		{001C3D41-0A12-40B1-A0F5-504B11B9C147}.Release|x64.Build.0 = Release|x64
		{001C3D41-0A12-40B1-A0F5-504B11B9C147}.Release|x86.ActiveCfg = Release|Win32
		{001C3D41-0A12-40B1-A0F5-504B11B9C147}.Release|x86.Build.0 = Release|Win32
		{229B039B-73B5-4C7C-AACD-DD331B8C9CA1}.Debug|x64.ActiveCfg = Debug|x64
		{229B039B-73B5-4C7C-AACD-DD331B8C9CA1}.Debug|x64.Build.0 = Debug|x64
		{229B039B-73B5-4C7C-AACD-DD331B8C9CA1}.Debug|x86.ActiveCfg = Debug|Win32
		{229B039B-73B5-4C7C-AACD-DD331B8C9CA1}.Debug|x86.Build.0 = Debug|Win32
		{229B039B-73B5-4C7C-AACD-DD331B8C9CA1}.Release|x64.ActiveCfg = Release|x64
		{229B039B-73B5-4C7C-AACD-DD331B8C9CA1}.Release|x64.Build.0 = Release|x64
		{229B039B-73B5-4C7C-AACD-DD331B8C9CA1}.Release|x86.ActiveCfg = Release|Win32
		{229B039B-73B5-4C7C-AACD-DD331B8C9CA1}.Release|x86.Build.0 = Release|Win32
		{C7A0E702-68FA-4736-B24A-0D5E9DAD7ACD}.Debug|x64.ActiveCfg = Debug|x64
		{C7A0E702-68FA-4736-B24A-0D5E9DAD7ACD}.Debug|x64.Build.0 = Debug|x64
		{C7A0E702-68FA-4736-B24A-0D5E9DAD7ACD}.Debug|x86.ActiveCfg = Debug|Win32
		{C7A0E702-68FA-4736-B24A-0D5E9DAD7ACD}.Debug|x86.Build.0 = Debug|Win32
		{C7A0E702-68FA-4736-B24A-0D5E9DAD7ACD}.Release|x64.ActiveCfg = Release|x64
		{C7A0E702-68FA-4736-B24A-0D5E9DAD7ACD}.Release|x64.Build.0 = Release|x64
		{C7A0E702-68FA-4736-B24A-0D5E9DAD7ACD}.Release|x86.ActiveCfg = Release|Win32
		{C7A0E702-68FA-4736-B24A-0D5E9DAD7ACD}.Release|x86.Build.0 = Release|Win32
		{7B2EA8F4-F465-419A-B449-9036C24F729F}.Debug|x64.ActiveCfg = Debug|x64
		{7B2EA8F4-F465-419A-B449-9036C24F729F}.Debug|x64.Build.0 = Debug|x64
		{7B2EA8F4-F465-419A-B449-9036C24F729F}.Debug|x86.ActiveCfg = Debug|Win32
		{7B2EA8F4-F465-419A-B449-9036C24F729F}.Debug|x86.Build.0 = Debug|Win32
		{7B2EA8F4-F465-419A-B449-9036C24F729F}.Release|x64.ActiveCfg = Release|x64
		{7B2EA8F4-F465-419A-B449-9036C24F729F}.Release|x64.Build.0 = Release|x64
		{7B2EA8F4-F465-419A-B449-9036C24F729F}.Release|x86.ActiveCfg = Release|Win32
		{7B2EA8F4-F465-419A-B449-9036C24F729F}.Release|x86.Build.0 = Release|Win32
		{C6C86151-79F9-458F-A2C6-41A92C8BB2BC}.Debug|x64.ActiveCfg = Debug|x64
		{C6C86151-79F9-458F-A2C6-41A92C8BB2BC}.Debug|x64.Build.0 = Debug|x64
		{C6C86151-79F9-458F-A2C6-41A92C8BB2BC}.Debug|x86.ActiveCfg = Debug|Win32
		{C6C86151-79F9-458F-A2C6-41A92C8BB2BC}.Debug|x86.Build.0 = Debug|Win32
		{C6C86151-79F9-458F-A2C6-41A92C8BB2BC}.Release|x64.ActiveCfg = Release|x64
		{C6C86151-79F9-458F-A2C6-41A92C8BB2BC}.Release|x64.Build.0 = Release|x64
		{C6C86151-79F9-458F-A2C6-41A92C8BB2BC}.Release|x86.ActiveCfg = Release|Win32
		{C6C86151-79F9-458F-A2C6-41A92C8BB2BC}.Release|x86.Build.0 = Release|Win32
		{69AF7976-AB61-4965-B504-ED45F4CBD42A}.Debug|x64.ActiveCfg = Debug|x64
		{69AF7976-AB61-4965-B504-ED45F4CBD42A}.Debug|x64.Build.0 = Debug|x64
		{69AF7976-AB61-4965-B504-ED45F4CBD42A}.Debug|x86.ActiveCfg = Debug|Win32
		{69AF7976-AB61-4965-B504-ED45F4CBD42A}.Debug|x86.Build.0 = Debug|Win32
		{69AF7976-AB61-4965-B504-ED45F4CBD42A}.Release|x64.ActiveCfg = Release|x64
		{69AF7976-AB61-4965-B504-ED45F4CBD42A}.Release|x64.Build.0 = Release|x64
		{69AF7976-AB61-4965-B504-ED45F4CBD42A}.Release|x86.ActiveCfg = Release|Win32
		{69AF7976-AB61-4965-B504-ED45F4CBD42A}.Release|x86.Build.0 = Release|Win32
		{13BB689B-3ABD-4604-8576-4E83A9C2BC2A}.Debug|x64.ActiveCfg = Debug|x64
		{13BB689B-3ABD-4604-8576-4E83A9C2BC2A}.Debug|x64.Build.0 = Debug|x64
		{13BB689B-3ABD-4604-8576-4E83A9C2BC2A}.Debug|x86.ActiveCfg = Debug|Win32
		{13BB689B-3ABD-4604-8576-4E83A9C2BC2A}.Debug|x86.Build.0 = Debug|Win32
		{13BB689B-3ABD-4604-8576-4E83A9C2BC2A}.Release|x64.ActiveCfg = Release|x64
		{13BB689B-3ABD-4604-8576-4E83A9C2BC2A}.Release|x64.Build.0 = Release|x64
		{13BB689B-3ABD-4604-8576-4E83A9C2BC2A}.Release|x86.ActiveCfg = Release|Win32
		{13BB689B-3ABD-4604-8576-4E83A9C2BC2A}.Release|x86.Build.0 = Release|Win32
		{28A63A30-2727-4EE8-A294-9F60C64A78E1}.Debug|x64.ActiveCfg = Debug|x64
		{28A63A30-2727-4EE8-A294-9F60C64A78E1}.Debug|x64.Build.0 = Debug|x64
		{28A63A30-2727-4EE8-A294-9F60C64A78E1}.Debug|x86.ActiveCfg = Debug|Win32
		{28A63A30-2727-4EE8-A294-9F60C64A78E1}.Debug|x86.Build.0 = Debug|Win32
		{28A63A30-2727-4EE8-A294-9F60C64A78E1}.Release|x64.ActiveCfg = Release|x64
		{28A63A30-2727-4EE8-A294-9F60C64A78E1}.Release|x64.Build.0 = Release|x64
		{28A63A30-2727-4EE8-A294-9F60C64A78E1}.Release|x86.ActiveCfg = Release|Win32
		{28A63A30-2727-4EE8-A294-9F60C64A78E1}.Release|x86.Build.0 = Release|Win32
		{F1E0552A-99C7-4851-874C-387ED7197B8C}.Debug|x64.ActiveCfg = Debug|x64
		{F1E0552A-99C7-4851-874C-387ED7197B8C}.Debug|x64.Build.0 = Debug|x64
		{F1E0552A-99C7-4851-874C-387ED7197B8C}.Debug|x86.ActiveCfg = Debug|Win32
		{F1E0552A-99C7-4851-874C-387ED7197B8C}.Debug|x86.Build.0 = Debug|Win32
		{F1E0552A-99C7-4851-874C-387ED7197B8C}.Release|x64.ActiveCfg = Release|x64
		{F1E0552A-99C7-4851-874C-387ED7197B8C}.Release|x64.Build.0 = Release|x64
		{F1E0552A-99C7-4851-874C-387ED7197B8C}.Release|x86.ActiveCfg = Release|Win32
		{F1E0552A-99C7-4851-874C-387ED7197B8C}.Release|x86.Build.0 = Release|Win32
	EndGlobalSection
	GlobalSection(SolutionProperties) = preSolution
		HideSolutionNode = FALSE
	EndGlobalSection
	GlobalSection(ExtensibilityGlobals) = postSolution
		SolutionGuid = {F6012F1F-A228-4332-BEF8-C882A0348603}
	EndGlobalSection
EndGlobal
