
Microsoft Visual Studio Solution File, Format Version 12.00
# Visual Studio Version 17
VisualStudioVersion = 17.6.33723.286
MinimumVisualStudioVersion = 10.0.40219.1
Project("{8BC9CEB8-8B4A-11D0-8D11-00A0C91BC942}") = "1", "1\1.vcxproj", "{1B543F2C-018C-4199-A822-3D10D2F3F7CD}"
EndProject
Project("{8BC9CEB8-8B4A-11D0-8D11-00A0C91BC942}") = "2", "2\2.vcxproj", "{C2E2A38E-C81E-48C9-B1D2-829C9CDE32CD}"
EndProject
Project("{8BC9CEB8-8B4A-11D0-8D11-00A0C91BC942}") = "3", "3\3.vcxproj", "{105DF0BF-B868-4424-AEC1-1883A0B1F6BB}"
EndProject
Project("{8BC9CEB8-8B4A-11D0-8D11-00A0C91BC942}") = "5", "5\5.vcxproj", "{3B2C2040-5782-412B-8BF1-7FE8252DB772}"
EndProject
Project("{8BC9CEB8-8B4A-11D0-8D11-00A0C91BC942}") = "4-1", "4-1\4-1.vcxproj", "{F541A166-97DA-44E4-B571-E9FE92862238}"
EndProject
Project("{8BC9CEB8-8B4A-11D0-8D11-00A0C91BC942}") = "4-2", "4-2\4-2.vcxproj", "{5F9069B2-28D0-4063-B316-D6124733C421}"
EndProject
Project("{8BC9CEB8-8B4A-11D0-8D11-00A0C91BC942}") = "6-1", "6-1\6-1.vcxproj", "{66305AE4-4015-4838-9735-8A9443B5DFF0}"
EndProject
Project("{8BC9CEB8-8B4A-11D0-8D11-00A0C91BC942}") = "6-2", "6-2\6-2.vcxproj", "{A24072AF-2405-42E3-89C0-BCAFB7CBC1A3}"
EndProject
Global
	GlobalSection(SolutionConfigurationPlatforms) = preSolution
		Debug|x64 = Debug|x64
		Debug|x86 = Debug|x86
		Release|x64 = Release|x64
		Release|x86 = Release|x86
	EndGlobalSection
	GlobalSection(ProjectConfigurationPlatforms) = postSolution
		{1B543F2C-018C-4199-A822-3D10D2F3F7CD}.Debug|x64.ActiveCfg = Debug|x64
		{1B543F2C-018C-4199-A822-3D10D2F3F7CD}.Debug|x64.Build.0 = Debug|x64
		{1B543F2C-018C-4199-A822-3D10D2F3F7CD}.Debug|x86.ActiveCfg = Debug|Win32
		{1B543F2C-018C-4199-A822-3D10D2F3F7CD}.Debug|x86.Build.0 = Debug|Win32
		{1B543F2C-018C-4199-A822-3D10D2F3F7CD}.Release|x64.ActiveCfg = Release|x64
		{1B543F2C-018C-4199-A822-3D10D2F3F7CD}.Release|x64.Build.0 = Release|x64
		{1B543F2C-018C-4199-A822-3D10D2F3F7CD}.Release|x86.ActiveCfg = Release|Win32
		{1B543F2C-018C-4199-A822-3D10D2F3F7CD}.Release|x86.Build.0 = Release|Win32
		{C2E2A38E-C81E-48C9-B1D2-829C9CDE32CD}.Debug|x64.ActiveCfg = Debug|x64
		{C2E2A38E-C81E-48C9-B1D2-829C9CDE32CD}.Debug|x64.Build.0 = Debug|x64
		{C2E2A38E-C81E-48C9-B1D2-829C9CDE32CD}.Debug|x86.ActiveCfg = Debug|Win32
		{C2E2A38E-C81E-48C9-B1D2-829C9CDE32CD}.Debug|x86.Build.0 = Debug|Win32
		{C2E2A38E-C81E-48C9-B1D2-829C9CDE32CD}.Release|x64.ActiveCfg = Release|x64
		{C2E2A38E-C81E-48C9-B1D2-829C9CDE32CD}.Release|x64.Build.0 = Release|x64
		{C2E2A38E-C81E-48C9-B1D2-829C9CDE32CD}.Release|x86.ActiveCfg = Release|Win32
		{C2E2A38E-C81E-48C9-B1D2-829C9CDE32CD}.Release|x86.Build.0 = Release|Win32
		{105DF0BF-B868-4424-AEC1-1883A0B1F6BB}.Debug|x64.ActiveCfg = Debug|x64
		{105DF0BF-B868-4424-AEC1-1883A0B1F6BB}.Debug|x64.Build.0 = Debug|x64
		{105DF0BF-B868-4424-AEC1-1883A0B1F6BB}.Debug|x86.ActiveCfg = Debug|Win32
		{105DF0BF-B868-4424-AEC1-1883A0B1F6BB}.Debug|x86.Build.0 = Debug|Win32
		{105DF0BF-B868-4424-AEC1-1883A0B1F6BB}.Release|x64.ActiveCfg = Release|x64
		{105DF0BF-B868-4424-AEC1-1883A0B1F6BB}.Release|x64.Build.0 = Release|x64
		{105DF0BF-B868-4424-AEC1-1883A0B1F6BB}.Release|x86.ActiveCfg = Release|Win32
		{105DF0BF-B868-4424-AEC1-1883A0B1F6BB}.Release|x86.Build.0 = Release|Win32
		{3B2C2040-5782-412B-8BF1-7FE8252DB772}.Debug|x64.ActiveCfg = Debug|x64
		{3B2C2040-5782-412B-8BF1-7FE8252DB772}.Debug|x64.Build.0 = Debug|x64
		{3B2C2040-5782-412B-8BF1-7FE8252DB772}.Debug|x86.ActiveCfg = Debug|Win32
		{3B2C2040-5782-412B-8BF1-7FE8252DB772}.Debug|x86.Build.0 = Debug|Win32
		{3B2C2040-5782-412B-8BF1-7FE8252DB772}.Release|x64.ActiveCfg = Release|x64
		{3B2C2040-5782-412B-8BF1-7FE8252DB772}.Release|x64.Build.0 = Release|x64
		{3B2C2040-5782-412B-8BF1-7FE8252DB772}.Release|x86.ActiveCfg = Release|Win32
		{3B2C2040-5782-412B-8BF1-7FE8252DB772}.Release|x86.Build.0 = Release|Win32
		{F541A166-97DA-44E4-B571-E9FE92862238}.Debug|x64.ActiveCfg = Debug|x64
		{F541A166-97DA-44E4-B571-E9FE92862238}.Debug|x64.Build.0 = Debug|x64
		{F541A166-97DA-44E4-B571-E9FE92862238}.Debug|x86.ActiveCfg = Debug|Win32
		{F541A166-97DA-44E4-B571-E9FE92862238}.Debug|x86.Build.0 = Debug|Win32
		{F541A166-97DA-44E4-B571-E9FE92862238}.Release|x64.ActiveCfg = Release|x64
		{F541A166-97DA-44E4-B571-E9FE92862238}.Release|x64.Build.0 = Release|x64
		{F541A166-97DA-44E4-B571-E9FE92862238}.Release|x86.ActiveCfg = Release|Win32
		{F541A166-97DA-44E4-B571-E9FE92862238}.Release|x86.Build.0 = Release|Win32
		{5F9069B2-28D0-4063-B316-D6124733C421}.Debug|x64.ActiveCfg = Debug|x64
		{5F9069B2-28D0-4063-B316-D6124733C421}.Debug|x64.Build.0 = Debug|x64
		{5F9069B2-28D0-4063-B316-D6124733C421}.Debug|x86.ActiveCfg = Debug|Win32
		{5F9069B2-28D0-4063-B316-D6124733C421}.Debug|x86.Build.0 = Debug|Win32
		{5F9069B2-28D0-4063-B316-D6124733C421}.Release|x64.ActiveCfg = Release|x64
		{5F9069B2-28D0-4063-B316-D6124733C421}.Release|x64.Build.0 = Release|x64
		{5F9069B2-28D0-4063-B316-D6124733C421}.Release|x86.ActiveCfg = Release|Win32
		{5F9069B2-28D0-4063-B316-D6124733C421}.Release|x86.Build.0 = Release|Win32
		{66305AE4-4015-4838-9735-8A9443B5DFF0}.Debug|x64.ActiveCfg = Debug|x64
		{66305AE4-4015-4838-9735-8A9443B5DFF0}.Debug|x64.Build.0 = Debug|x64
		{66305AE4-4015-4838-9735-8A9443B5DFF0}.Debug|x86.ActiveCfg = Debug|Win32
		{66305AE4-4015-4838-9735-8A9443B5DFF0}.Debug|x86.Build.0 = Debug|Win32
		{66305AE4-4015-4838-9735-8A9443B5DFF0}.Release|x64.ActiveCfg = Release|x64
		{66305AE4-4015-4838-9735-8A9443B5DFF0}.Release|x64.Build.0 = Release|x64
		{66305AE4-4015-4838-9735-8A9443B5DFF0}.Release|x86.ActiveCfg = Release|Win32
		{66305AE4-4015-4838-9735-8A9443B5DFF0}.Release|x86.Build.0 = Release|Win32
		{A24072AF-2405-42E3-89C0-BCAFB7CBC1A3}.Debug|x64.ActiveCfg = Debug|x64
		{A24072AF-2405-42E3-89C0-BCAFB7CBC1A3}.Debug|x64.Build.0 = Debug|x64
		{A24072AF-2405-42E3-89C0-BCAFB7CBC1A3}.Debug|x86.ActiveCfg = Debug|Win32
		{A24072AF-2405-42E3-89C0-BCAFB7CBC1A3}.Debug|x86.Build.0 = Debug|Win32
		{A24072AF-2405-42E3-89C0-BCAFB7CBC1A3}.Release|x64.ActiveCfg = Release|x64
		{A24072AF-2405-42E3-89C0-BCAFB7CBC1A3}.Release|x64.Build.0 = Release|x64
		{A24072AF-2405-42E3-89C0-BCAFB7CBC1A3}.Release|x86.ActiveCfg = Release|Win32
		{A24072AF-2405-42E3-89C0-BCAFB7CBC1A3}.Release|x86.Build.0 = Release|Win32
	EndGlobalSection
	GlobalSection(SolutionProperties) = preSolution
		HideSolutionNode = FALSE
	EndGlobalSection
	GlobalSection(ExtensibilityGlobals) = postSolution
		SolutionGuid = {A9E61E74-1623-4117-8B49-CFD5B13D8704}
	EndGlobalSection
EndGlobal
